PODS:
  - Alamofire (5.0.0-beta.2)

DEPENDENCIES:
  - Alamofire (~> 5.0.0-beta.2)

SPEC REPOS:
  https://github.com/cocoapods/specs.git:
    - Alamofire

SPEC CHECKSUMS:
  Alamofire: d1e5493588babe3e7b56ae29e8032942f4de09fe

PODFILE CHECKSUM: f2ecdd777bd7ef4a95060568aef61c5132342478

COCOAPODS: 1.6.0
